// !$*UTF8*$!
{
	archiveVersion = 1;
	classes = {
	};
	objectVersion = 55;
	objects = {

/* Begin PBXBuildFile section */
		B203158927EE6F3A00C35329 /* PagerExampleApp.swift in Sources */ = {isa = PBXBuildFile; fileRef = B203158827EE6F3A00C35329 /* PagerExampleApp.swift */; };
		B203158B27EE6F3A00C35329 /* ContentView.swift in Sources */ = {isa = PBXBuildFile; fileRef = B203158A27EE6F3A00C35329 /* ContentView.swift */; };
		B203158D27EE6F3C00C35329 /* Assets.xcassets in Resources */ = {isa = PBXBuildFile; fileRef = B203158C27EE6F3C00C35329 /* Assets.xcassets */; };
		B203159027EE6F3C00C35329 /* Preview Assets.xcassets in Resources */ = {isa = PBXBuildFile; fileRef = B203158F27EE6F3C00C35329 /* Preview Assets.xcassets */; };
		B203159A27EE6F3C00C35329 /* PagerExampleTests.swift in Sources */ = {isa = PBXBuildFile; fileRef = B203159927EE6F3C00C35329 /* PagerExampleTests.swift */; };
		B20315A427EE6F3C00C35329 /* PagerExampleUITests.swift in Sources */ = {isa = PBXBuildFile; fileRef = B20315A327EE6F3C00C35329 /* PagerExampleUITests.swift */; };
		B20315A627EE6F3C00C35329 /* PagerExampleUITestsLaunchTests.swift in Sources */ = {isa = PBXBuildFile; fileRef = B20315A527EE6F3C00C35329 /* PagerExampleUITestsLaunchTests.swift */; };
/* End PBXBuildFile section */

/* Begin PBXContainerItemProxy section */
		B203159627EE6F3C00C35329 /* PBXContainerItemProxy */ = {
			isa = PBXContainerItemProxy;
			containerPortal = B203157D27EE6F3A00C35329 /* Project object */;
			proxyType = 1;
			remoteGlobalIDString = B203158427EE6F3A00C35329;
			remoteInfo = PagerExample;
		};
		B20315A027EE6F3C00C35329 /* PBXContainerItemProxy */ = {
			isa = PBXContainerItemProxy;
			containerPortal = B203157D27EE6F3A00C35329 /* Project object */;
			proxyType = 1;
			remoteGlobalIDString = B203158427EE6F3A00C35329;
			remoteInfo = PagerExample;
		};
/* End PBXContainerItemProxy section */

/* Begin PBXFileReference section */
		B203158527EE6F3A00C35329 /* PagerExample.app */ = {isa = PBXFileReference; explicitFileType = wrapper.application; includeInIndex = 0; path = PagerExample.app; sourceTree = BUILT_PRODUCTS_DIR; };
		B203158827EE6F3A00C35329 /* PagerExampleApp.swift */ = {isa = PBXFileReference; lastKnownFileType = sourcecode.swift; path = PagerExampleApp.swift; sourceTree = "<group>"; };
		B203158A27EE6F3A00C35329 /* ContentView.swift */ = {isa = PBXFileReference; lastKnownFileType = sourcecode.swift; path = ContentView.swift; sourceTree = "<group>"; };
		B203158C27EE6F3C00C35329 /* Assets.xcassets */ = {isa = PBXFileReference; lastKnownFileType = folder.assetcatalog; path = Assets.xcassets; sourceTree = "<group>"; };
		B203158F27EE6F3C00C35329 /* Preview Assets.xcassets */ = {isa = PBXFileReference; lastKnownFileType = folder.assetcatalog; path = "Preview Assets.xcassets"; sourceTree = "<group>"; };
		B203159527EE6F3C00C35329 /* PagerExampleTests.xctest */ = {isa = PBXFileReference; explicitFileType = wrapper.cfbundle; includeInIndex = 0; path = PagerExampleTests.xctest; sourceTree = BUILT_PRODUCTS_DIR; };
		B203159927EE6F3C00C35329 /* PagerExampleTests.swift */ = {isa = PBXFileReference; lastKnownFileType = sourcecode.swift; path = PagerExampleTests.swift; sourceTree = "<group>"; };
		B203159F27EE6F3C00C35329 /* PagerExampleUITests.xctest */ = {isa = PBXFileReference; explicitFileType = wrapper.cfbundle; includeInIndex = 0; path = PagerExampleUITests.xctest; sourceTree = BUILT_PRODUCTS_DIR; };
		B20315A327EE6F3C00C35329 /* PagerExampleUITests.swift */ = {isa = PBXFileReference; lastKnownFileType = sourcecode.swift; path = PagerExampleUITests.swift; sourceTree = "<group>"; };
		B20315A527EE6F3C00C35329 /* PagerExampleUITestsLaunchTests.swift */ = {isa = PBXFileReference; lastKnownFileType = sourcecode.swift; path = PagerExampleUITestsLaunchTests.swift; sourceTree = "<group>"; };
/* End PBXFileReference section */

/* Begin PBXFrameworksBuildPhase section */
		B203158227EE6F3A00C35329 /* Frameworks */ = {
			isa = PBXFrameworksBuildPhase;
			buildActionMask = 2147483647;
			files = (
			);
			runOnlyForDeploymentPostprocessing = 0;
		};
		B203159227EE6F3C00C35329 /* Frameworks */ = {
			isa = PBXFrameworksBuildPhase;
			buildActionMask = 2147483647;
			files = (
			);
			runOnlyForDeploymentPostprocessing = 0;
		};
		B203159C27EE6F3C00C35329 /* Frameworks */ = {
			isa = PBXFrameworksBuildPhase;
			buildActionMask = 2147483647;
			files = (
			);
			runOnlyForDeploymentPostprocessing = 0;
		};
/* End PBXFrameworksBuildPhase section */

/* Begin PBXGroup section */
		B203157C27EE6F3A00C35329 = {
			isa = PBXGroup;
			children = (
				B203158727EE6F3A00C35329 /* PagerExample */,
				B203159827EE6F3C00C35329 /* PagerExampleTests */,
				B20315A227EE6F3C00C35329 /* PagerExampleUITests */,
				B203158627EE6F3A00C35329 /* Products */,
			);
			sourceTree = "<group>";
		};
		B203158627EE6F3A00C35329 /* Products */ = {
			isa = PBXGroup;
			children = (
				B203158527EE6F3A00C35329 /* PagerExample.app */,
				B203159527EE6F3C00C35329 /* PagerExampleTests.xctest */,
				B203159F27EE6F3C00C35329 /* PagerExampleUITests.xctest */,
			);
			name = Products;
			sourceTree = "<group>";
		};
		B203158727EE6F3A00C35329 /* PagerExample */ = {
			isa = PBXGroup;
			children = (
				B203158827EE6F3A00C35329 /* PagerExampleApp.swift */,
				B203158A27EE6F3A00C35329 /* ContentView.swift */,
				B203158C27EE6F3C00C35329 /* Assets.xcassets */,
				B203158E27EE6F3C00C35329 /* Preview Content */,
			);
			path = PagerExample;
			sourceTree = "<group>";
		};
		B203158E27EE6F3C00C35329 /* Preview Content */ = {
			isa = PBXGroup;
			children = (
				B203158F27EE6F3C00C35329 /* Preview Assets.xcassets */,
			);
			path = "Preview Content";
			sourceTree = "<group>";
		};
		B203159827EE6F3C00C35329 /* PagerExampleTests */ = {
			isa = PBXGroup;
			children = (
				B203159927EE6F3C00C35329 /* PagerExampleTests.swift */,
			);
			path = PagerExampleTests;
			sourceTree = "<group>";
		};
		B20315A227EE6F3C00C35329 /* PagerExampleUITests */ = {
			isa = PBXGroup;
			children = (
				B20315A327EE6F3C00C35329 /* PagerExampleUITests.swift */,
				B20315A527EE6F3C00C35329 /* PagerExampleUITestsLaunchTests.swift */,
			);
			path = PagerExampleUITests;
			sourceTree = "<group>";
		};
/* End PBXGroup section */

/* Begin PBXNativeTarget section */
		B203158427EE6F3A00C35329 /* PagerExample */ = {
			isa = PBXNativeTarget;
			buildConfigurationList = B20315A927EE6F3C00C35329 /* Build configuration list for PBXNativeTarget "PagerExample" */;
			buildPhases = (
				B203158127EE6F3A00C35329 /* Sources */,
				B203158227EE6F3A00C35329 /* Frameworks */,
				B203158327EE6F3A00C35329 /* Resources */,
			);
			buildRules = (
			);
			dependencies = (
			);
			name = PagerExample;
			productName = PagerExample;
			productReference = B203158527EE6F3A00C35329 /* PagerExample.app */;
			productType = "com.apple.product-type.application";
		};
		B203159427EE6F3C00C35329 /* PagerExampleTests */ = {
			isa = PBXNativeTarget;
			buildConfigurationList = B20315AC27EE6F3C00C35329 /* Build configuration list for PBXNativeTarget "PagerExampleTests" */;
			buildPhases = (
				B203159127EE6F3C00C35329 /* Sources */,
				B203159227EE6F3C00C35329 /* Frameworks */,
				B203159327EE6F3C00C35329 /* Resources */,
			);
			buildRules = (
			);
			dependencies = (
				B203159727EE6F3C00C35329 /* PBXTargetDependency */,
			);
			name = PagerExampleTests;
			productName = PagerExampleTests;
			productReference = B203159527EE6F3C00C35329 /* PagerExampleTests.xctest */;
			productType = "com.apple.product-type.bundle.unit-test";
		};
		B203159E27EE6F3C00C35329 /* PagerExampleUITests */ = {
			isa = PBXNativeTarget;
			buildConfigurationList = B20315AF27EE6F3C00C35329 /* Build configuration list for PBXNativeTarget "PagerExampleUITests" */;
			buildPhases = (
				B203159B27EE6F3C00C35329 /* Sources */,
				B203159C27EE6F3C00C35329 /* Frameworks */,
				B203159D27EE6F3C00C35329 /* Resources */,
			);
			buildRules = (
			);
			dependencies = (
				B20315A127EE6F3C00C35329 /* PBXTargetDependency */,
			);
			name = PagerExampleUITests;
			productName = PagerExampleUITests;
			productReference = B203159F27EE6F3C00C35329 /* PagerExampleUITests.xctest */;
			productType = "com.apple.product-type.bundle.ui-testing";
		};
/* End PBXNativeTarget section */

/* Begin PBXProject section */
		B203157D27EE6F3A00C35329 /* Project object */ = {
			isa = PBXProject;
			attributes = {
				BuildIndependentTargetsInParallel = 1;
				LastSwiftUpdateCheck = 1330;
				LastUpgradeCheck = 1330;
				TargetAttributes = {
					B203158427EE6F3A00C35329 = {
						CreatedOnToolsVersion = 13.3;
					};
					B203159427EE6F3C00C35329 = {
						CreatedOnToolsVersion = 13.3;
						TestTargetID = B203158427EE6F3A00C35329;
					};
					B203159E27EE6F3C00C35329 = {
						CreatedOnToolsVersion = 13.3;
						TestTargetID = B203158427EE6F3A00C35329;
					};
				};
			};
			buildConfigurationList = B203158027EE6F3A00C35329 /* Build configuration list for PBXProject "PagerExample" */;
			compatibilityVersion = "Xcode 13.0";
			developmentRegion = en;
			hasScannedForEncodings = 0;
			knownRegions = (
				en,
				Base,
			);
			mainGroup = B203157C27EE6F3A00C35329;
			productRefGroup = B203158627EE6F3A00C35329 /* Products */;
			projectDirPath = "";
			projectRoot = "";
			targets = (
				B203158427EE6F3A00C35329 /* PagerExample */,
				B203159427EE6F3C00C35329 /* PagerExampleTests */,
				B203159E27EE6F3C00C35329 /* PagerExampleUITests */,
			);
		};
/* End PBXProject section */

/* Begin PBXResourcesBuildPhase section */
		B203158327EE6F3A00C35329 /* Resources */ = {
			isa = PBXResourcesBuildPhase;
			buildActionMask = 2147483647;
			files = (
				B203159027EE6F3C00C35329 /* Preview Assets.xcassets in Resources */,
				B203158D27EE6F3C00C35329 /* Assets.xcassets in Resources */,
			);
			runOnlyForDeploymentPostprocessing = 0;
		};
		B203159327EE6F3C00C35329 /* Resources */ = {
			isa = PBXResourcesBuildPhase;
			buildActionMask = 2147483647;
			files = (
			);
			runOnlyForDeploymentPostprocessing = 0;
		};
		B203159D27EE6F3C00C35329 /* Resources */ = {
			isa = PBXResourcesBuildPhase;
			buildActionMask = 2147483647;
			files = (
			);
			runOnlyForDeploymentPostprocessing = 0;
		};
/* End PBXResourcesBuildPhase section */

/* Begin PBXSourcesBuildPhase section */
		B203158127EE6F3A00C35329 /* Sources */ = {
			isa = PBXSourcesBuildPhase;
			buildActionMask = 2147483647;
			files = (
				B203158B27EE6F3A00C35329 /* ContentView.swift in Sources */,
				B203158927EE6F3A00C35329 /* PagerExampleApp.swift in Sources */,
			);
			runOnlyForDeploymentPostprocessing = 0;
		};
		B203159127EE6F3C00C35329 /* Sources */ = {
			isa = PBXSourcesBuildPhase;
			buildActionMask = 2147483647;
			files = (
				B203159A27EE6F3C00C35329 /* PagerExampleTests.swift in Sources */,
			);
			runOnlyForDeploymentPostprocessing = 0;
		};
		B203159B27EE6F3C00C35329 /* Sources */ = {
			isa = PBXSourcesBuildPhase;
			buildActionMask = 2147483647;
			files = (
				B20315A427EE6F3C00C35329 /* PagerExampleUITests.swift in Sources */,
				B20315A627EE6F3C00C35329 /* PagerExampleUITestsLaunchTests.swift in Sources */,
			);
			runOnlyForDeploymentPostprocessing = 0;
		};
/* End PBXSourcesBuildPhase section */

/* Begin PBXTargetDependency section */
		B203159727EE6F3C00C35329 /* PBXTargetDependency */ = {
			isa = PBXTargetDependency;
			target = B203158427EE6F3A00C35329 /* PagerExample */;
			targetProxy = B203159627EE6F3C00C35329 /* PBXContainerItemProxy */;
		};
		B20315A127EE6F3C00C35329 /* PBXTargetDependency */ = {
			isa = PBXTargetDependency;
			target = B203158427EE6F3A00C35329 /* PagerExample */;
			targetProxy = B20315A027EE6F3C00C35329 /* PBXContainerItemProxy */;
		};
/* End PBXTargetDependency section */

/* Begin XCBuildConfiguration section */
		B20315A727EE6F3C00C35329 /* Debug */ = {
			isa = XCBuildConfiguration;
			buildSettings = {
				ALWAYS_SEARCH_USER_PATHS = NO;
				CLANG_ANALYZER_NONNULL = YES;
				CLANG_ANALYZER_NUMBER_OBJECT_CONVERSION = YES_AGGRESSIVE;
				CLANG_CXX_LANGUAGE_STANDARD = "gnu++17";
				CLANG_ENABLE_MODULES = YES;
				CLANG_ENABLE_OBJC_ARC = YES;
				CLANG_ENABLE_OBJC_WEAK = YES;
				CLANG_WARN_BLOCK_CAPTURE_AUTORELEASING = YES;
				CLANG_WARN_BOOL_CONVERSION = YES;
				CLANG_WARN_COMMA = YES;
				CLANG_WARN_CONSTANT_CONVERSION = YES;
				CLANG_WARN_DEPRECATED_OBJC_IMPLEMENTATIONS = YES;
				CLANG_WARN_DIRECT_OBJC_ISA_USAGE = YES_ERROR;
				CLANG_WARN_DOCUMENTATION_COMMENTS = YES;
				CLANG_WARN_EMPTY_BODY = YES;
				CLANG_WARN_ENUM_CONVERSION = YES;
				CLANG_WARN_INFINITE_RECURSION = YES;
				CLANG_WARN_INT_CONVERSION = YES;
				CLANG_WARN_NON_LITERAL_NULL_CONVERSION = YES;
				CLANG_WARN_OBJC_IMPLICIT_RETAIN_SELF = YES;
				CLANG_WARN_OBJC_LITERAL_CONVERSION = YES;
				CLANG_WARN_OBJC_ROOT_CLASS = YES_ERROR;
				CLANG_WARN_QUOTED_INCLUDE_IN_FRAMEWORK_HEADER = YES;
				CLANG_WARN_RANGE_LOOP_ANALYSIS = YES;
				CLANG_WARN_STRICT_PROTOTYPES = YES;
				CLANG_WARN_SUSPICIOUS_MOVE = YES;
				CLANG_WARN_UNGUARDED_AVAILABILITY = YES_AGGRESSIVE;
				CLANG_WARN_UNREACHABLE_CODE = YES;
				CLANG_WARN__DUPLICATE_METHOD_MATCH = YES;
				COPY_PHASE_STRIP = NO;
				DEBUG_INFORMATION_FORMAT = dwarf;
				ENABLE_STRICT_OBJC_MSGSEND = YES;
				ENABLE_TESTABILITY = YES;
				GCC_C_LANGUAGE_STANDARD = gnu11;
				GCC_DYNAMIC_NO_PIC = NO;
				GCC_NO_COMMON_BLOCKS = YES;
				GCC_OPTIMIZATION_LEVEL = 0;
				GCC_PREPROCESSOR_DEFINITIONS = (
					"DEBUG=1",
					"$(inherited)",
				);
				GCC_WARN_64_TO_32_BIT_CONVERSION = YES;
				GCC_WARN_ABOUT_RETURN_TYPE = YES_ERROR;
				GCC_WARN_UNDECLARED_SELECTOR = YES;
				GCC_WARN_UNINITIALIZED_AUTOS = YES_AGGRESSIVE;
				GCC_WARN_UNUSED_FUNCTION = YES;
				GCC_WARN_UNUSED_VARIABLE = YES;
				IPHONEOS_DEPLOYMENT_TARGET = 15.4;
				MTL_ENABLE_DEBUG_INFO = INCLUDE_SOURCE;
				MTL_FAST_MATH = YES;
				ONLY_ACTIVE_ARCH = YES;
				SDKROOT = iphoneos;
				SWIFT_ACTIVE_COMPILATION_CONDITIONS = DEBUG;
				SWIFT_OPTIMIZATION_LEVEL = "-Onone";
			};
			name = Debug;
		};
		B20315A827EE6F3C00C35329 /* Release */ = {
			isa = XCBuildConfiguration;
			buildSettings = {
				ALWAYS_SEARCH_USER_PATHS = NO;
				CLANG_ANALYZER_NONNULL = YES;
				CLANG_ANALYZER_NUMBER_OBJECT_CONVERSION = YES_AGGRESSIVE;
				CLANG_CXX_LANGUAGE_STANDARD = "gnu++17";
				CLANG_ENABLE_MODULES = YES;
				CLANG_ENABLE_OBJC_ARC = YES;
				CLANG_ENABLE_OBJC_WEAK = YES;
				CLANG_WARN_BLOCK_CAPTURE_AUTORELEASING = YES;
				CLANG_WARN_BOOL_CONVERSION = YES;
				CLANG_WARN_COMMA = YES;
				CLANG_WARN_CONSTANT_CONVERSION = YES;
				CLANG_WARN_DEPRECATED_OBJC_IMPLEMENTATIONS = YES;
				CLANG_WARN_DIRECT_OBJC_ISA_USAGE = YES_ERROR;
				CLANG_WARN_DOCUMENTATION_COMMENTS = YES;
				CLANG_WARN_EMPTY_BODY = YES;
				CLANG_WARN_ENUM_CONVERSION = YES;
				CLANG_WARN_INFINITE_RECURSION = YES;
				CLANG_WARN_INT_CONVERSION = YES;
				CLANG_WARN_NON_LITERAL_NULL_CONVERSION = YES;
				CLANG_WARN_OBJC_IMPLICIT_RETAIN_SELF = YES;
				CLANG_WARN_OBJC_LITERAL_CONVERSION = YES;
				CLANG_WARN_OBJC_ROOT_CLASS = YES_ERROR;
				CLANG_WARN_QUOTED_INCLUDE_IN_FRAMEWORK_HEADER = YES;
				CLANG_WARN_RANGE_LOOP_ANALYSIS = YES;
				CLANG_WARN_STRICT_PROTOTYPES = YES;
				CLANG_WARN_SUSPICIOUS_MOVE = YES;
				CLANG_WARN_UNGUARDED_AVAILABILITY = YES_AGGRESSIVE;
				CLANG_WARN_UNREACHABLE_CODE = YES;
				CLANG_WARN__DUPLICATE_METHOD_MATCH = YES;
				COPY_PHASE_STRIP = NO;
				DEBUG_INFORMATION_FORMAT = "dwarf-with-dsym";
				ENABLE_NS_ASSERTIONS = NO;
				ENABLE_STRICT_OBJC_MSGSEND = YES;
				GCC_C_LANGUAGE_STANDARD = gnu11;
				GCC_NO_COMMON_BLOCKS = YES;
				GCC_WARN_64_TO_32_BIT_CONVERSION = YES;
				GCC_WARN_ABOUT_RETURN_TYPE = YES_ERROR;
				GCC_WARN_UNDECLARED_SELECTOR = YES;
				GCC_WARN_UNINITIALIZED_AUTOS = YES_AGGRESSIVE;
				GCC_WARN_UNUSED_FUNCTION = YES;
				GCC_WARN_UNUSED_VARIABLE = YES;
				IPHONEOS_DEPLOYMENT_TARGET = 15.4;
				MTL_ENABLE_DEBUG_INFO = NO;
				MTL_FAST_MATH = YES;
				SDKROOT = iphoneos;
				SWIFT_COMPILATION_MODE = wholemodule;
				SWIFT_OPTIMIZATION_LEVEL = "-O";
				VALIDATE_PRODUCT = YES;
			};
			name = Release;
		};
		B20315AA27EE6F3C00C35329 /* Debug */ = {
			isa = XCBuildConfiguration;
			buildSettings = {
				ASSETCATALOG_COMPILER_APPICON_NAME = AppIcon;
				ASSETCATALOG_COMPILER_GLOBAL_ACCENT_COLOR_NAME = AccentColor;
				CODE_SIGN_STYLE = Automatic;
				CURRENT_PROJECT_VERSION = 1;
				DEVELOPMENT_ASSET_PATHS = "\"PagerExample/Preview Content\"";
				DEVELOPMENT_TEAM = 2SGR54S8C2;
				ENABLE_PREVIEWS = YES;
				GENERATE_INFOPLIST_FILE = YES;
				INFOPLIST_KEY_UIApplicationSceneManifest_Generation = YES;
				INFOPLIST_KEY_UIApplicationSupportsIndirectInputEvents = YES;
				INFOPLIST_KEY_UILaunchScreen_Generation = YES;
				INFOPLIST_KEY_UISupportedInterfaceOrientations_iPad = "UIInterfaceOrientationPortrait UIInterfaceOrientationPortraitUpsideDown UIInterfaceOrientationLandscapeLeft UIInterfaceOrientationLandscapeRight";
				INFOPLIST_KEY_UISupportedInterfaceOrientations_iPhone = "UIInterfaceOrientationPortrait UIInterfaceOrientationLandscapeLeft UIInterfaceOrientationLandscapeRight";
				LD_RUNPATH_SEARCH_PATHS = (
					"$(inherited)",
					"@executable_path/Frameworks",
				);
				MARKETING_VERSION = 1.0;
				PRODUCT_BUNDLE_IDENTIFIER = com.condorlabs.PagerExample;
				PRODUCT_NAME = "$(TARGET_NAME)";
				SWIFT_EMIT_LOC_STRINGS = YES;
				SWIFT_VERSION = 5.0;
				TARGETED_DEVICE_FAMILY = "1,2";
			};
			name = Debug;
		};
		B20315AB27EE6F3C00C35329 /* Release */ = {
			isa = XCBuildConfiguration;
			buildSettings = {
				ASSETCATALOG_COMPILER_APPICON_NAME = AppIcon;
				ASSETCATALOG_COMPILER_GLOBAL_ACCENT_COLOR_NAME = AccentColor;
				CODE_SIGN_STYLE = Automatic;
				CURRENT_PROJECT_VERSION = 1;
				DEVELOPMENT_ASSET_PATHS = "\"PagerExample/Preview Content\"";
				DEVELOPMENT_TEAM = 2SGR54S8C2;
				ENABLE_PREVIEWS = YES;
				GENERATE_INFOPLIST_FILE = YES;
				INFOPLIST_KEY_UIApplicationSceneManifest_Generation = YES;
				INFOPLIST_KEY_UIApplicationSupportsIndirectInputEvents = YES;
				INFOPLIST_KEY_UILaunchScreen_Generation = YES;
				INFOPLIST_KEY_UISupportedInterfaceOrientations_iPad = "UIInterfaceOrientationPortrait UIInterfaceOrientationPortraitUpsideDown UIInterfaceOrientationLandscapeLeft UIInterfaceOrientationLandscapeRight";
				INFOPLIST_KEY_UISupportedInterfaceOrientations_iPhone = "UIInterfaceOrientationPortrait UIInterfaceOrientationLandscapeLeft UIInterfaceOrientationLandscapeRight";
				LD_RUNPATH_SEARCH_PATHS = (
					"$(inherited)",
					"@executable_path/Frameworks",
				);
				MARKETING_VERSION = 1.0;
				PRODUCT_BUNDLE_IDENTIFIER = com.condorlabs.PagerExample;
				PRODUCT_NAME = "$(TARGET_NAME)";
				SWIFT_EMIT_LOC_STRINGS = YES;
				SWIFT_VERSION = 5.0;
				TARGETED_DEVICE_FAMILY = "1,2";
			};
			name = Release;
		};
		B20315AD27EE6F3C00C35329 /* Debug */ = {
			isa = XCBuildConfiguration;
			buildSettings = {
				ALWAYS_EMBED_SWIFT_STANDARD_LIBRARIES = YES;
				BUNDLE_LOADER = "$(TEST_HOST)";
				CODE_SIGN_STYLE = Automatic;
				CURRENT_PROJECT_VERSION = 1;
				DEVELOPMENT_TEAM = 2SGR54S8C2;
				GENERATE_INFOPLIST_FILE = YES;
				IPHONEOS_DEPLOYMENT_TARGET = 15.4;
				MARKETING_VERSION = 1.0;
				PRODUCT_BUNDLE_IDENTIFIER = com.condorlabs.PagerExampleTests;
				PRODUCT_NAME = "$(TARGET_NAME)";
				SWIFT_EMIT_LOC_STRINGS = NO;
				SWIFT_VERSION = 5.0;
				TARGETED_DEVICE_FAMILY = "1,2";
				TEST_HOST = "$(BUILT_PRODUCTS_DIR)/PagerExample.app/PagerExample";
			};
			name = Debug;
		};
		B20315AE27EE6F3C00C35329 /* Release */ = {
			isa = XCBuildConfiguration;
			buildSettings = {
				ALWAYS_EMBED_SWIFT_STANDARD_LIBRARIES = YES;
				BUNDLE_LOADER = "$(TEST_HOST)";
				CODE_SIGN_STYLE = Automatic;
				CURRENT_PROJECT_VERSION = 1;
				DEVELOPMENT_TEAM = 2SGR54S8C2;
				GENERATE_INFOPLIST_FILE = YES;
				IPHONEOS_DEPLOYMENT_TARGET = 15.4;
				MARKETING_VERSION = 1.0;
				PRODUCT_BUNDLE_IDENTIFIER = com.condorlabs.PagerExampleTests;
				PRODUCT_NAME = "$(TARGET_NAME)";
				SWIFT_EMIT_LOC_STRINGS = NO;
				SWIFT_VERSION = 5.0;
				TARGETED_DEVICE_FAMILY = "1,2";
				TEST_HOST = "$(BUILT_PRODUCTS_DIR)/PagerExample.app/PagerExample";
			};
			name = Release;
		};
		B20315B027EE6F3C00C35329 /* Debug */ = {
			isa = XCBuildConfiguration;
			buildSettings = {
				ALWAYS_EMBED_SWIFT_STANDARD_LIBRARIES = YES;
				CODE_SIGN_STYLE = Automatic;
				CURRENT_PROJECT_VERSION = 1;
				DEVELOPMENT_TEAM = 2SGR54S8C2;
				GENERATE_INFOPLIST_FILE = YES;
				MARKETING_VERSION = 1.0;
				PRODUCT_BUNDLE_IDENTIFIER = com.condorlabs.PagerExampleUITests;
				PRODUCT_NAME = "$(TARGET_NAME)";
				SWIFT_EMIT_LOC_STRINGS = NO;
				SWIFT_VERSION = 5.0;
				TARGETED_DEVICE_FAMILY = "1,2";
				TEST_TARGET_NAME = PagerExample;
			};
			name = Debug;
		};
		B20315B127EE6F3C00C35329 /* Release */ = {
			isa = XCBuildConfiguration;
			buildSettings = {
				ALWAYS_EMBED_SWIFT_STANDARD_LIBRARIES = YES;
				CODE_SIGN_STYLE = Automatic;
				CURRENT_PROJECT_VERSION = 1;
				DEVELOPMENT_TEAM = 2SGR54S8C2;
				GENERATE_INFOPLIST_FILE = YES;
				MARKETING_VERSION = 1.0;
				PRODUCT_BUNDLE_IDENTIFIER = com.condorlabs.PagerExampleUITests;
				PRODUCT_NAME = "$(TARGET_NAME)";
				SWIFT_EMIT_LOC_STRINGS = NO;
				SWIFT_VERSION = 5.0;
				TARGETED_DEVICE_FAMILY = "1,2";
				TEST_TARGET_NAME = PagerExample;
			};
			name = Release;
		};
/* End XCBuildConfiguration section */

/* Begin XCConfigurationList section */
		B203158027EE6F3A00C35329 /* Build configuration list for PBXProject "PagerExample" */ = {
			isa = XCConfigurationList;
			buildConfigurations = (
				B20315A727EE6F3C00C35329 /* Debug */,
				B20315A827EE6F3C00C35329 /* Release */,
			);
			defaultConfigurationIsVisible = 0;
			defaultConfigurationName = Release;
		};
		B20315A927EE6F3C00C35329 /* Build configuration list for PBXNativeTarget "PagerExample" */ = {
			isa = XCConfigurationList;
			buildConfigurations = (
				B20315AA27EE6F3C00C35329 /* Debug */,
				B20315AB27EE6F3C00C35329 /* Release */,
			);
			defaultConfigurationIsVisible = 0;
			defaultConfigurationName = Release;
		};
		B20315AC27EE6F3C00C35329 /* Build configuration list for PBXNativeTarget "PagerExampleTests" */ = {
			isa = XCConfigurationList;
			buildConfigurations = (
				B20315AD27EE6F3C00C35329 /* Debug */,
				B20315AE27EE6F3C00C35329 /* Release */,
			);
			defaultConfigurationIsVisible = 0;
			defaultConfigurationName = Release;
		};
		B20315AF27EE6F3C00C35329 /* Build configuration list for PBXNativeTarget "PagerExampleUITests" */ = {
			isa = XCConfigurationList;
			buildConfigurations = (
				B20315B027EE6F3C00C35329 /* Debug */,
				B20315B127EE6F3C00C35329 /* Release */,
			);
			defaultConfigurationIsVisible = 0;
			defaultConfigurationName = Release;
		};
/* End XCConfigurationList section */
	};
	rootObject = B203157D27EE6F3A00C35329 /* Project object */;
}
